
Microsoft Visual Studio Solution File, Format Version 12.00
# Visual Studio Version 17
VisualStudioVersion = 17.8.34309.116
MinimumVisualStudioVersion = 10.0.40219.1
Project("{FAE04EC0-301F-11D3-BF4B-00C04F79EFBC}") = "pierwszy", "pierwszy\pierwszy.csproj", "{D78D47C1-93C3-4B57-9335-6C91AA40B755}"
EndProject
Global
	GlobalSection(SolutionConfigurationPlatforms) = preSolution
		Debug|Any CPU = Debug|Any CPU
		Release|Any CPU = Release|Any CPU
	EndGlobalSection
	GlobalSection(ProjectConfigurationPlatforms) = postSolution
		{D78D47C1-93C3-4B57-9335-6C91AA40B755}.Debug|Any CPU.ActiveCfg = Debug|Any CPU
		{D78D47C1-93C3-4B57-9335-6C91AA40B755}.Debug|Any CPU.Build.0 = Debug|Any CPU
		{D78D47C1-93C3-4B57-9335-6C91AA40B755}.Release|Any CPU.ActiveCfg = Release|Any CPU
		{D78D47C1-93C3-4B57-9335-6C91AA40B755}.Release|Any CPU.Build.0 = Release|Any CPU
	EndGlobalSection
	GlobalSection(SolutionProperties) = preSolution
		HideSolutionNode = FALSE
	EndGlobalSection
	GlobalSection(ExtensibilityGlobals) = postSolution
		SolutionGuid = {E51C9E9B-79B6-483D-A05D-853F77327C85}
	EndGlobalSection
EndGlobal
